// !$*UTF8*$!
{
	archiveVersion = 1;
	classes = {
	};
	objectVersion = 56;
	objects = {

/* Begin PBXBuildFile section */
		586A366F2C8EE22F00EA1746 /* lesson_8App.swift in Sources */ = {isa = PBXBuildFile; fileRef = 586A366E2C8EE22F00EA1746 /* lesson_8App.swift */; };
		586A36712C8EE22F00EA1746 /* ContentView.swift in Sources */ = {isa = PBXBuildFile; fileRef = 586A36702C8EE22F00EA1746 /* ContentView.swift */; };
		586A36732C8EE23200EA1746 /* Assets.xcassets in Resources */ = {isa = PBXBuildFile; fileRef = 586A36722C8EE23200EA1746 /* Assets.xcassets */; };
		586A36762C8EE23200EA1746 /* Preview Assets.xcassets in Resources */ = {isa = PBXBuildFile; fileRef = 586A36752C8EE23200EA1746 /* Preview Assets.xcassets */; };
		586A36802C8EE23200EA1746 /* lesson_8Tests.swift in Sources */ = {isa = PBXBuildFile; fileRef = 586A367F2C8EE23200EA1746 /* lesson_8Tests.swift */; };
		586A368A2C8EE23200EA1746 /* lesson_8UITests.swift in Sources */ = {isa = PBXBuildFile; fileRef = 586A36892C8EE23200EA1746 /* lesson_8UITests.swift */; };
		586A368C2C8EE23200EA1746 /* lesson_8UITestsLaunchTests.swift in Sources */ = {isa = PBXBuildFile; fileRef = 586A368B2C8EE23200EA1746 /* lesson_8UITestsLaunchTests.swift */; };
/* End PBXBuildFile section */

/* Begin PBXContainerItemProxy section */
		586A367C2C8EE23200EA1746 /* PBXContainerItemProxy */ = {
			isa = PBXContainerItemProxy;
			containerPortal = 586A36632C8EE22F00EA1746 /* Project object */;
			proxyType = 1;
			remoteGlobalIDString = 586A366A2C8EE22F00EA1746;
			remoteInfo = "lesson 8";
		};
		586A36862C8EE23200EA1746 /* PBXContainerItemProxy */ = {
			isa = PBXContainerItemProxy;
			containerPortal = 586A36632C8EE22F00EA1746 /* Project object */;
			proxyType = 1;
			remoteGlobalIDString = 586A366A2C8EE22F00EA1746;
			remoteInfo = "lesson 8";
		};
/* End PBXContainerItemProxy section */

/* Begin PBXFileReference section */
		586A366B2C8EE22F00EA1746 /* lesson 8.app */ = {isa = PBXFileReference; explicitFileType = wrapper.application; includeInIndex = 0; path = "lesson 8.app"; sourceTree = BUILT_PRODUCTS_DIR; };
		586A366E2C8EE22F00EA1746 /* lesson_8App.swift */ = {isa = PBXFileReference; lastKnownFileType = sourcecode.swift; path = lesson_8App.swift; sourceTree = "<group>"; };
		586A36702C8EE22F00EA1746 /* ContentView.swift */ = {isa = PBXFileReference; lastKnownFileType = sourcecode.swift; path = ContentView.swift; sourceTree = "<group>"; };
		586A36722C8EE23200EA1746 /* Assets.xcassets */ = {isa = PBXFileReference; lastKnownFileType = folder.assetcatalog; path = Assets.xcassets; sourceTree = "<group>"; };
		586A36752C8EE23200EA1746 /* Preview Assets.xcassets */ = {isa = PBXFileReference; lastKnownFileType = folder.assetcatalog; path = "Preview Assets.xcassets"; sourceTree = "<group>"; };
		586A367B2C8EE23200EA1746 /* lesson 8Tests.xctest */ = {isa = PBXFileReference; explicitFileType = wrapper.cfbundle; includeInIndex = 0; path = "lesson 8Tests.xctest"; sourceTree = BUILT_PRODUCTS_DIR; };
		586A367F2C8EE23200EA1746 /* lesson_8Tests.swift */ = {isa = PBXFileReference; lastKnownFileType = sourcecode.swift; path = lesson_8Tests.swift; sourceTree = "<group>"; };
		586A36852C8EE23200EA1746 /* lesson 8UITests.xctest */ = {isa = PBXFileReference; explicitFileType = wrapper.cfbundle; includeInIndex = 0; path = "lesson 8UITests.xctest"; sourceTree = BUILT_PRODUCTS_DIR; };
		586A36892C8EE23200EA1746 /* lesson_8UITests.swift */ = {isa = PBXFileReference; lastKnownFileType = sourcecode.swift; path = lesson_8UITests.swift; sourceTree = "<group>"; };
		586A368B2C8EE23200EA1746 /* lesson_8UITestsLaunchTests.swift */ = {isa = PBXFileReference; lastKnownFileType = sourcecode.swift; path = lesson_8UITestsLaunchTests.swift; sourceTree = "<group>"; };
/* End PBXFileReference section */

/* Begin PBXFrameworksBuildPhase section */
		586A36682C8EE22F00EA1746 /* Frameworks */ = {
			isa = PBXFrameworksBuildPhase;
			buildActionMask = 2147483647;
			files = (
			);
			runOnlyForDeploymentPostprocessing = 0;
		};
		586A36782C8EE23200EA1746 /* Frameworks */ = {
			isa = PBXFrameworksBuildPhase;
			buildActionMask = 2147483647;
			files = (
			);
			runOnlyForDeploymentPostprocessing = 0;
		};
		586A36822C8EE23200EA1746 /* Frameworks */ = {
			isa = PBXFrameworksBuildPhase;
			buildActionMask = 2147483647;
			files = (
			);
			runOnlyForDeploymentPostprocessing = 0;
		};
/* End PBXFrameworksBuildPhase section */

/* Begin PBXGroup section */
		586A36622C8EE22F00EA1746 = {
			isa = PBXGroup;
			children = (
				586A366D2C8EE22F00EA1746 /* lesson 8 */,
				586A367E2C8EE23200EA1746 /* lesson 8Tests */,
				586A36882C8EE23200EA1746 /* lesson 8UITests */,
				586A366C2C8EE22F00EA1746 /* Products */,
			);
			sourceTree = "<group>";
		};
		586A366C2C8EE22F00EA1746 /* Products */ = {
			isa = PBXGroup;
			children = (
				586A366B2C8EE22F00EA1746 /* lesson 8.app */,
				586A367B2C8EE23200EA1746 /* lesson 8Tests.xctest */,
				586A36852C8EE23200EA1746 /* lesson 8UITests.xctest */,
			);
			name = Products;
			sourceTree = "<group>";
		};
		586A366D2C8EE22F00EA1746 /* lesson 8 */ = {
			isa = PBXGroup;
			children = (
				586A366E2C8EE22F00EA1746 /* lesson_8App.swift */,
				586A36702C8EE22F00EA1746 /* ContentView.swift */,
				586A36722C8EE23200EA1746 /* Assets.xcassets */,
				586A36742C8EE23200EA1746 /* Preview Content */,
			);
			path = "lesson 8";
			sourceTree = "<group>";
		};
		586A36742C8EE23200EA1746 /* Preview Content */ = {
			isa = PBXGroup;
			children = (
				586A36752C8EE23200EA1746 /* Preview Assets.xcassets */,
			);
			path = "Preview Content";
			sourceTree = "<group>";
		};
		586A367E2C8EE23200EA1746 /* lesson 8Tests */ = {
			isa = PBXGroup;
			children = (
				586A367F2C8EE23200EA1746 /* lesson_8Tests.swift */,
			);
			path = "lesson 8Tests";
			sourceTree = "<group>";
		};
		586A36882C8EE23200EA1746 /* lesson 8UITests */ = {
			isa = PBXGroup;
			children = (
				586A36892C8EE23200EA1746 /* lesson_8UITests.swift */,
				586A368B2C8EE23200EA1746 /* lesson_8UITestsLaunchTests.swift */,
			);
			path = "lesson 8UITests";
			sourceTree = "<group>";
		};
/* End PBXGroup section */

/* Begin PBXNativeTarget section */
		586A366A2C8EE22F00EA1746 /* lesson 8 */ = {
			isa = PBXNativeTarget;
			buildConfigurationList = 586A368F2C8EE23200EA1746 /* Build configuration list for PBXNativeTarget "lesson 8" */;
			buildPhases = (
				586A36672C8EE22F00EA1746 /* Sources */,
				586A36682C8EE22F00EA1746 /* Frameworks */,
				586A36692C8EE22F00EA1746 /* Resources */,
			);
			buildRules = (
			);
			dependencies = (
			);
			name = "lesson 8";
			productName = "lesson 8";
			productReference = 586A366B2C8EE22F00EA1746 /* lesson 8.app */;
			productType = "com.apple.product-type.application";
		};
		586A367A2C8EE23200EA1746 /* lesson 8Tests */ = {
			isa = PBXNativeTarget;
			buildConfigurationList = 586A36922C8EE23200EA1746 /* Build configuration list for PBXNativeTarget "lesson 8Tests" */;
			buildPhases = (
				586A36772C8EE23200EA1746 /* Sources */,
				586A36782C8EE23200EA1746 /* Frameworks */,
				586A36792C8EE23200EA1746 /* Resources */,
			);
			buildRules = (
			);
			dependencies = (
				586A367D2C8EE23200EA1746 /* PBXTargetDependency */,
			);
			name = "lesson 8Tests";
			productName = "lesson 8Tests";
			productReference = 586A367B2C8EE23200EA1746 /* lesson 8Tests.xctest */;
			productType = "com.apple.product-type.bundle.unit-test";
		};
		586A36842C8EE23200EA1746 /* lesson 8UITests */ = {
			isa = PBXNativeTarget;
			buildConfigurationList = 586A36952C8EE23200EA1746 /* Build configuration list for PBXNativeTarget "lesson 8UITests" */;
			buildPhases = (
				586A36812C8EE23200EA1746 /* Sources */,
				586A36822C8EE23200EA1746 /* Frameworks */,
				586A36832C8EE23200EA1746 /* Resources */,
			);
			buildRules = (
			);
			dependencies = (
				586A36872C8EE23200EA1746 /* PBXTargetDependency */,
			);
			name = "lesson 8UITests";
			productName = "lesson 8UITests";
			productReference = 586A36852C8EE23200EA1746 /* lesson 8UITests.xctest */;
			productType = "com.apple.product-type.bundle.ui-testing";
		};
/* End PBXNativeTarget section */

/* Begin PBXProject section */
		586A36632C8EE22F00EA1746 /* Project object */ = {
			isa = PBXProject;
			attributes = {
				BuildIndependentTargetsInParallel = 1;
				LastSwiftUpdateCheck = 1540;
				LastUpgradeCheck = 1540;
				TargetAttributes = {
					586A366A2C8EE22F00EA1746 = {
						CreatedOnToolsVersion = 15.4;
					};
					586A367A2C8EE23200EA1746 = {
						CreatedOnToolsVersion = 15.4;
						TestTargetID = 586A366A2C8EE22F00EA1746;
					};
					586A36842C8EE23200EA1746 = {
						CreatedOnToolsVersion = 15.4;
						TestTargetID = 586A366A2C8EE22F00EA1746;
					};
				};
			};
			buildConfigurationList = 586A36662C8EE22F00EA1746 /* Build configuration list for PBXProject "lesson 8" */;
			compatibilityVersion = "Xcode 14.0";
			developmentRegion = en;
			hasScannedForEncodings = 0;
			knownRegions = (
				en,
				Base,
			);
			mainGroup = 586A36622C8EE22F00EA1746;
			productRefGroup = 586A366C2C8EE22F00EA1746 /* Products */;
			projectDirPath = "";
			projectRoot = "";
			targets = (
				586A366A2C8EE22F00EA1746 /* lesson 8 */,
				586A367A2C8EE23200EA1746 /* lesson 8Tests */,
				586A36842C8EE23200EA1746 /* lesson 8UITests */,
			);
		};
/* End PBXProject section */

/* Begin PBXResourcesBuildPhase section */
		586A36692C8EE22F00EA1746 /* Resources */ = {
			isa = PBXResourcesBuildPhase;
			buildActionMask = 2147483647;
			files = (
				586A36762C8EE23200EA1746 /* Preview Assets.xcassets in Resources */,
				586A36732C8EE23200EA1746 /* Assets.xcassets in Resources */,
			);
			runOnlyForDeploymentPostprocessing = 0;
		};
		586A36792C8EE23200EA1746 /* Resources */ = {
			isa = PBXResourcesBuildPhase;
			buildActionMask = 2147483647;
			files = (
			);
			runOnlyForDeploymentPostprocessing = 0;
		};
		586A36832C8EE23200EA1746 /* Resources */ = {
			isa = PBXResourcesBuildPhase;
			buildActionMask = 2147483647;
			files = (
			);
			runOnlyForDeploymentPostprocessing = 0;
		};
/* End PBXResourcesBuildPhase section */

/* Begin PBXSourcesBuildPhase section */
		586A36672C8EE22F00EA1746 /* Sources */ = {
			isa = PBXSourcesBuildPhase;
			buildActionMask = 2147483647;
			files = (
				586A36712C8EE22F00EA1746 /* ContentView.swift in Sources */,
				586A366F2C8EE22F00EA1746 /* lesson_8App.swift in Sources */,
			);
			runOnlyForDeploymentPostprocessing = 0;
		};
		586A36772C8EE23200EA1746 /* Sources */ = {
			isa = PBXSourcesBuildPhase;
			buildActionMask = 2147483647;
			files = (
				586A36802C8EE23200EA1746 /* lesson_8Tests.swift in Sources */,
			);
			runOnlyForDeploymentPostprocessing = 0;
		};
		586A36812C8EE23200EA1746 /* Sources */ = {
			isa = PBXSourcesBuildPhase;
			buildActionMask = 2147483647;
			files = (
				586A368C2C8EE23200EA1746 /* lesson_8UITestsLaunchTests.swift in Sources */,
				586A368A2C8EE23200EA1746 /* lesson_8UITests.swift in Sources */,
			);
			runOnlyForDeploymentPostprocessing = 0;
		};
/* End PBXSourcesBuildPhase section */

/* Begin PBXTargetDependency section */
		586A367D2C8EE23200EA1746 /* PBXTargetDependency */ = {
			isa = PBXTargetDependency;
			target = 586A366A2C8EE22F00EA1746 /* lesson 8 */;
			targetProxy = 586A367C2C8EE23200EA1746 /* PBXContainerItemProxy */;
		};
		586A36872C8EE23200EA1746 /* PBXTargetDependency */ = {
			isa = PBXTargetDependency;
			target = 586A366A2C8EE22F00EA1746 /* lesson 8 */;
			targetProxy = 586A36862C8EE23200EA1746 /* PBXContainerItemProxy */;
		};
/* End PBXTargetDependency section */

/* Begin XCBuildConfiguration section */
		586A368D2C8EE23200EA1746 /* Debug */ = {
			isa = XCBuildConfiguration;
			buildSettings = {
				ALWAYS_SEARCH_USER_PATHS = NO;
				ASSETCATALOG_COMPILER_GENERATE_SWIFT_ASSET_SYMBOL_EXTENSIONS = YES;
				CLANG_ANALYZER_NONNULL = YES;
				CLANG_ANALYZER_NUMBER_OBJECT_CONVERSION = YES_AGGRESSIVE;
				CLANG_CXX_LANGUAGE_STANDARD = "gnu++20";
				CLANG_ENABLE_MODULES = YES;
				CLANG_ENABLE_OBJC_ARC = YES;
				CLANG_ENABLE_OBJC_WEAK = YES;
				CLANG_WARN_BLOCK_CAPTURE_AUTORELEASING = YES;
				CLANG_WARN_BOOL_CONVERSION = YES;
				CLANG_WARN_COMMA = YES;
				CLANG_WARN_CONSTANT_CONVERSION = YES;
				CLANG_WARN_DEPRECATED_OBJC_IMPLEMENTATIONS = YES;
				CLANG_WARN_DIRECT_OBJC_ISA_USAGE = YES_ERROR;
				CLANG_WARN_DOCUMENTATION_COMMENTS = YES;
				CLANG_WARN_EMPTY_BODY = YES;
				CLANG_WARN_ENUM_CONVERSION = YES;
				CLANG_WARN_INFINITE_RECURSION = YES;
				CLANG_WARN_INT_CONVERSION = YES;
				CLANG_WARN_NON_LITERAL_NULL_CONVERSION = YES;
				CLANG_WARN_OBJC_IMPLICIT_RETAIN_SELF = YES;
				CLANG_WARN_OBJC_LITERAL_CONVERSION = YES;
				CLANG_WARN_OBJC_ROOT_CLASS = YES_ERROR;
				CLANG_WARN_QUOTED_INCLUDE_IN_FRAMEWORK_HEADER = YES;
				CLANG_WARN_RANGE_LOOP_ANALYSIS = YES;
				CLANG_WARN_STRICT_PROTOTYPES = YES;
				CLANG_WARN_SUSPICIOUS_MOVE = YES;
				CLANG_WARN_UNGUARDED_AVAILABILITY = YES_AGGRESSIVE;
				CLANG_WARN_UNREACHABLE_CODE = YES;
				CLANG_WARN__DUPLICATE_METHOD_MATCH = YES;
				COPY_PHASE_STRIP = NO;
				DEBUG_INFORMATION_FORMAT = dwarf;
				ENABLE_STRICT_OBJC_MSGSEND = YES;
				ENABLE_TESTABILITY = YES;
				ENABLE_USER_SCRIPT_SANDBOXING = YES;
				GCC_C_LANGUAGE_STANDARD = gnu17;
				GCC_DYNAMIC_NO_PIC = NO;
				GCC_NO_COMMON_BLOCKS = YES;
				GCC_OPTIMIZATION_LEVEL = 0;
				GCC_PREPROCESSOR_DEFINITIONS = (
					"DEBUG=1",
					"$(inherited)",
				);
				GCC_WARN_64_TO_32_BIT_CONVERSION = YES;
				GCC_WARN_ABOUT_RETURN_TYPE = YES_ERROR;
				GCC_WARN_UNDECLARED_SELECTOR = YES;
				GCC_WARN_UNINITIALIZED_AUTOS = YES_AGGRESSIVE;
				GCC_WARN_UNUSED_FUNCTION = YES;
				GCC_WARN_UNUSED_VARIABLE = YES;
				IPHONEOS_DEPLOYMENT_TARGET = 17.5;
				LOCALIZATION_PREFERS_STRING_CATALOGS = YES;
				MTL_ENABLE_DEBUG_INFO = INCLUDE_SOURCE;
				MTL_FAST_MATH = YES;
				ONLY_ACTIVE_ARCH = YES;
				SDKROOT = iphoneos;
				SWIFT_ACTIVE_COMPILATION_CONDITIONS = "DEBUG $(inherited)";
				SWIFT_OPTIMIZATION_LEVEL = "-Onone";
			};
			name = Debug;
		};
		586A368E2C8EE23200EA1746 /* Release */ = {
			isa = XCBuildConfiguration;
			buildSettings = {
				ALWAYS_SEARCH_USER_PATHS = NO;
				ASSETCATALOG_COMPILER_GENERATE_SWIFT_ASSET_SYMBOL_EXTENSIONS = YES;
				CLANG_ANALYZER_NONNULL = YES;
				CLANG_ANALYZER_NUMBER_OBJECT_CONVERSION = YES_AGGRESSIVE;
				CLANG_CXX_LANGUAGE_STANDARD = "gnu++20";
				CLANG_ENABLE_MODULES = YES;
				CLANG_ENABLE_OBJC_ARC = YES;
				CLANG_ENABLE_OBJC_WEAK = YES;
				CLANG_WARN_BLOCK_CAPTURE_AUTORELEASING = YES;
				CLANG_WARN_BOOL_CONVERSION = YES;
				CLANG_WARN_COMMA = YES;
				CLANG_WARN_CONSTANT_CONVERSION = YES;
				CLANG_WARN_DEPRECATED_OBJC_IMPLEMENTATIONS = YES;
				CLANG_WARN_DIRECT_OBJC_ISA_USAGE = YES_ERROR;
				CLANG_WARN_DOCUMENTATION_COMMENTS = YES;
				CLANG_WARN_EMPTY_BODY = YES;
				CLANG_WARN_ENUM_CONVERSION = YES;
				CLANG_WARN_INFINITE_RECURSION = YES;
				CLANG_WARN_INT_CONVERSION = YES;
				CLANG_WARN_NON_LITERAL_NULL_CONVERSION = YES;
				CLANG_WARN_OBJC_IMPLICIT_RETAIN_SELF = YES;
				CLANG_WARN_OBJC_LITERAL_CONVERSION = YES;
				CLANG_WARN_OBJC_ROOT_CLASS = YES_ERROR;
				CLANG_WARN_QUOTED_INCLUDE_IN_FRAMEWORK_HEADER = YES;
				CLANG_WARN_RANGE_LOOP_ANALYSIS = YES;
				CLANG_WARN_STRICT_PROTOTYPES = YES;
				CLANG_WARN_SUSPICIOUS_MOVE = YES;
				CLANG_WARN_UNGUARDED_AVAILABILITY = YES_AGGRESSIVE;
				CLANG_WARN_UNREACHABLE_CODE = YES;
				CLANG_WARN__DUPLICATE_METHOD_MATCH = YES;
				COPY_PHASE_STRIP = NO;
				DEBUG_INFORMATION_FORMAT = "dwarf-with-dsym";
				ENABLE_NS_ASSERTIONS = NO;
				ENABLE_STRICT_OBJC_MSGSEND = YES;
				ENABLE_USER_SCRIPT_SANDBOXING = YES;
				GCC_C_LANGUAGE_STANDARD = gnu17;
				GCC_NO_COMMON_BLOCKS = YES;
				GCC_WARN_64_TO_32_BIT_CONVERSION = YES;
				GCC_WARN_ABOUT_RETURN_TYPE = YES_ERROR;
				GCC_WARN_UNDECLARED_SELECTOR = YES;
				GCC_WARN_UNINITIALIZED_AUTOS = YES_AGGRESSIVE;
				GCC_WARN_UNUSED_FUNCTION = YES;
				GCC_WARN_UNUSED_VARIABLE = YES;
				IPHONEOS_DEPLOYMENT_TARGET = 17.5;
				LOCALIZATION_PREFERS_STRING_CATALOGS = YES;
				MTL_ENABLE_DEBUG_INFO = NO;
				MTL_FAST_MATH = YES;
				SDKROOT = iphoneos;
				SWIFT_COMPILATION_MODE = wholemodule;
				VALIDATE_PRODUCT = YES;
			};
			name = Release;
		};
		586A36902C8EE23200EA1746 /* Debug */ = {
			isa = XCBuildConfiguration;
			buildSettings = {
				ASSETCATALOG_COMPILER_APPICON_NAME = AppIcon;
				ASSETCATALOG_COMPILER_GLOBAL_ACCENT_COLOR_NAME = AccentColor;
				CODE_SIGN_STYLE = Automatic;
				CURRENT_PROJECT_VERSION = 1;
				DEVELOPMENT_ASSET_PATHS = "\"lesson 8/Preview Content\"";
				ENABLE_PREVIEWS = YES;
				GENERATE_INFOPLIST_FILE = YES;
				INFOPLIST_KEY_UIApplicationSceneManifest_Generation = YES;
				INFOPLIST_KEY_UIApplicationSupportsIndirectInputEvents = YES;
				INFOPLIST_KEY_UILaunchScreen_Generation = YES;
				INFOPLIST_KEY_UISupportedInterfaceOrientations_iPad = "UIInterfaceOrientationPortrait UIInterfaceOrientationPortraitUpsideDown UIInterfaceOrientationLandscapeLeft UIInterfaceOrientationLandscapeRight";
				INFOPLIST_KEY_UISupportedInterfaceOrientations_iPhone = "UIInterfaceOrientationPortrait UIInterfaceOrientationLandscapeLeft UIInterfaceOrientationLandscapeRight";
				LD_RUNPATH_SEARCH_PATHS = (
					"$(inherited)",
					"@executable_path/Frameworks",
				);
				MARKETING_VERSION = 1.0;
				PRODUCT_BUNDLE_IDENTIFIER = "com.lucaswong.lesson-8";
				PRODUCT_NAME = "$(TARGET_NAME)";
				SWIFT_EMIT_LOC_STRINGS = YES;
				SWIFT_VERSION = 5.0;
				TARGETED_DEVICE_FAMILY = "1,2";
			};
			name = Debug;
		};
		586A36912C8EE23200EA1746 /* Release */ = {
			isa = XCBuildConfiguration;
			buildSettings = {
				ASSETCATALOG_COMPILER_APPICON_NAME = AppIcon;
				ASSETCATALOG_COMPILER_GLOBAL_ACCENT_COLOR_NAME = AccentColor;
				CODE_SIGN_STYLE = Automatic;
				CURRENT_PROJECT_VERSION = 1;
				DEVELOPMENT_ASSET_PATHS = "\"lesson 8/Preview Content\"";
				ENABLE_PREVIEWS = YES;
				GENERATE_INFOPLIST_FILE = YES;
				INFOPLIST_KEY_UIApplicationSceneManifest_Generation = YES;
				INFOPLIST_KEY_UIApplicationSupportsIndirectInputEvents = YES;
				INFOPLIST_KEY_UILaunchScreen_Generation = YES;
				INFOPLIST_KEY_UISupportedInterfaceOrientations_iPad = "UIInterfaceOrientationPortrait UIInterfaceOrientationPortraitUpsideDown UIInterfaceOrientationLandscapeLeft UIInterfaceOrientationLandscapeRight";
				INFOPLIST_KEY_UISupportedInterfaceOrientations_iPhone = "UIInterfaceOrientationPortrait UIInterfaceOrientationLandscapeLeft UIInterfaceOrientationLandscapeRight";
				LD_RUNPATH_SEARCH_PATHS = (
					"$(inherited)",
					"@executable_path/Frameworks",
				);
				MARKETING_VERSION = 1.0;
				PRODUCT_BUNDLE_IDENTIFIER = "com.lucaswong.lesson-8";
				PRODUCT_NAME = "$(TARGET_NAME)";
				SWIFT_EMIT_LOC_STRINGS = YES;
				SWIFT_VERSION = 5.0;
				TARGETED_DEVICE_FAMILY = "1,2";
			};
			name = Release;
		};
		586A36932C8EE23200EA1746 /* Debug */ = {
			isa = XCBuildConfiguration;
			buildSettings = {
				ALWAYS_EMBED_SWIFT_STANDARD_LIBRARIES = YES;
				BUNDLE_LOADER = "$(TEST_HOST)";
				CODE_SIGN_STYLE = Automatic;
				CURRENT_PROJECT_VERSION = 1;
				GENERATE_INFOPLIST_FILE = YES;
				IPHONEOS_DEPLOYMENT_TARGET = 17.5;
				MARKETING_VERSION = 1.0;
				PRODUCT_BUNDLE_IDENTIFIER = "com.lucaswong.lesson-8Tests";
				PRODUCT_NAME = "$(TARGET_NAME)";
				SWIFT_EMIT_LOC_STRINGS = NO;
				SWIFT_VERSION = 5.0;
				TARGETED_DEVICE_FAMILY = "1,2";
				TEST_HOST = "$(BUILT_PRODUCTS_DIR)/lesson 8.app/$(BUNDLE_EXECUTABLE_FOLDER_PATH)/lesson 8";
			};
			name = Debug;
		};
		586A36942C8EE23200EA1746 /* Release */ = {
			isa = XCBuildConfiguration;
			buildSettings = {
				ALWAYS_EMBED_SWIFT_STANDARD_LIBRARIES = YES;
				BUNDLE_LOADER = "$(TEST_HOST)";
				CODE_SIGN_STYLE = Automatic;
				CURRENT_PROJECT_VERSION = 1;
				GENERATE_INFOPLIST_FILE = YES;
				IPHONEOS_DEPLOYMENT_TARGET = 17.5;
				MARKETING_VERSION = 1.0;
				PRODUCT_BUNDLE_IDENTIFIER = "com.lucaswong.lesson-8Tests";
				PRODUCT_NAME = "$(TARGET_NAME)";
				SWIFT_EMIT_LOC_STRINGS = NO;
				SWIFT_VERSION = 5.0;
				TARGETED_DEVICE_FAMILY = "1,2";
				TEST_HOST = "$(BUILT_PRODUCTS_DIR)/lesson 8.app/$(BUNDLE_EXECUTABLE_FOLDER_PATH)/lesson 8";
			};
			name = Release;
		};
		586A36962C8EE23200EA1746 /* Debug */ = {
			isa = XCBuildConfiguration;
			buildSettings = {
				ALWAYS_EMBED_SWIFT_STANDARD_LIBRARIES = YES;
				CODE_SIGN_STYLE = Automatic;
				CURRENT_PROJECT_VERSION = 1;
				GENERATE_INFOPLIST_FILE = YES;
				MARKETING_VERSION = 1.0;
				PRODUCT_BUNDLE_IDENTIFIER = "com.lucaswong.lesson-8UITests";
				PRODUCT_NAME = "$(TARGET_NAME)";
				SWIFT_EMIT_LOC_STRINGS = NO;
				SWIFT_VERSION = 5.0;
				TARGETED_DEVICE_FAMILY = "1,2";
				TEST_TARGET_NAME = "lesson 8";
			};
			name = Debug;
		};
		586A36972C8EE23200EA1746 /* Release */ = {
			isa = XCBuildConfiguration;
			buildSettings = {
				ALWAYS_EMBED_SWIFT_STANDARD_LIBRARIES = YES;
				CODE_SIGN_STYLE = Automatic;
				CURRENT_PROJECT_VERSION = 1;
				GENERATE_INFOPLIST_FILE = YES;
				MARKETING_VERSION = 1.0;
				PRODUCT_BUNDLE_IDENTIFIER = "com.lucaswong.lesson-8UITests";
				PRODUCT_NAME = "$(TARGET_NAME)";
				SWIFT_EMIT_LOC_STRINGS = NO;
				SWIFT_VERSION = 5.0;
				TARGETED_DEVICE_FAMILY = "1,2";
				TEST_TARGET_NAME = "lesson 8";
			};
			name = Release;
		};
/* End XCBuildConfiguration section */

/* Begin XCConfigurationList section */
		586A36662C8EE22F00EA1746 /* Build configuration list for PBXProject "lesson 8" */ = {
			isa = XCConfigurationList;
			buildConfigurations = (
				586A368D2C8EE23200EA1746 /* Debug */,
				586A368E2C8EE23200EA1746 /* Release */,
			);
			defaultConfigurationIsVisible = 0;
			defaultConfigurationName = Release;
		};
		586A368F2C8EE23200EA1746 /* Build configuration list for PBXNativeTarget "lesson 8" */ = {
			isa = XCConfigurationList;
			buildConfigurations = (
				586A36902C8EE23200EA1746 /* Debug */,
				586A36912C8EE23200EA1746 /* Release */,
			);
			defaultConfigurationIsVisible = 0;
			defaultConfigurationName = Release;
		};
		586A36922C8EE23200EA1746 /* Build configuration list for PBXNativeTarget "lesson 8Tests" */ = {
			isa = XCConfigurationList;
			buildConfigurations = (
				586A36932C8EE23200EA1746 /* Debug */,
				586A36942C8EE23200EA1746 /* Release */,
			);
			defaultConfigurationIsVisible = 0;
			defaultConfigurationName = Release;
		};
		586A36952C8EE23200EA1746 /* Build configuration list for PBXNativeTarget "lesson 8UITests" */ = {
			isa = XCConfigurationList;
			buildConfigurations = (
				586A36962C8EE23200EA1746 /* Debug */,
				586A36972C8EE23200EA1746 /* Release */,
			);
			defaultConfigurationIsVisible = 0;
			defaultConfigurationName = Release;
		};
/* End XCConfigurationList section */
	};
	rootObject = 586A36632C8EE22F00EA1746 /* Project object */;
}
